// !$*UTF8*$!
{
	archiveVersion = 1;
	classes = {
	};
	objectVersion = 50;
	objects = {

/* Begin PBXBuildFile section */
		4D81A59D2185269700FC1012 /* main.cpp in Sources */ = {isa = PBXBuildFile; fileRef = 4D81A59C2185269700FC1012 /* main.cpp */; };
		4D81A5AB2185287300FC1012 /* CGPIO.cpp in Sources */ = {isa = PBXBuildFile; fileRef = 4D81A5A42185287300FC1012 /* CGPIO.cpp */; };
		4D81A5AC2185287300FC1012 /* CSensorEcho.cpp in Sources */ = {isa = PBXBuildFile; fileRef = 4D81A5A62185287300FC1012 /* CSensorEcho.cpp */; };
		4D81A5C121852D1700FC1012 /* CStateManager.cpp in Sources */ = {isa = PBXBuildFile; fileRef = 4D81A5BA21852D1600FC1012 /* CStateManager.cpp */; };
		4D81A5C221852D1700FC1012 /* CStatePause.cpp in Sources */ = {isa = PBXBuildFile; fileRef = 4D81A5BD21852D1600FC1012 /* CStatePause.cpp */; };
		4D81A5C321852D1700FC1012 /* CStateMove.cpp in Sources */ = {isa = PBXBuildFile; fileRef = 4D81A5BE21852D1600FC1012 /* CStateMove.cpp */; };
		4D81A5C421852D1700FC1012 /* CSystem.cpp in Sources */ = {isa = PBXBuildFile; fileRef = 4D81A5BF21852D1600FC1012 /* CSystem.cpp */; };
/* End PBXBuildFile section */

/* Begin PBXCopyFilesBuildPhase section */
		4D81A5972185269700FC1012 /* CopyFiles */ = {
			isa = PBXCopyFilesBuildPhase;
			buildActionMask = 2147483647;
			dstPath = /usr/share/man/man1/;
			dstSubfolderSpec = 0;
			files = (
			);
			runOnlyForDeploymentPostprocessing = 1;
		};
/* End PBXCopyFilesBuildPhase section */

/* Begin PBXFileReference section */
		4D81A5992185269700FC1012 /* Rasperrito */ = {isa = PBXFileReference; explicitFileType = "compiled.mach-o.executable"; includeInIndex = 0; path = Rasperrito; sourceTree = BUILT_PRODUCTS_DIR; };
		4D81A59C2185269700FC1012 /* main.cpp */ = {isa = PBXFileReference; lastKnownFileType = sourcecode.cpp.cpp; path = main.cpp; sourceTree = "<group>"; };
		4D81A5A32185287300FC1012 /* CGPIO.h */ = {isa = PBXFileReference; fileEncoding = 4; lastKnownFileType = sourcecode.c.h; path = CGPIO.h; sourceTree = "<group>"; };
		4D81A5A42185287300FC1012 /* CGPIO.cpp */ = {isa = PBXFileReference; fileEncoding = 4; lastKnownFileType = sourcecode.cpp.cpp; path = CGPIO.cpp; sourceTree = "<group>"; };
		4D81A5A52185287300FC1012 /* CSensorEcho.h */ = {isa = PBXFileReference; fileEncoding = 4; lastKnownFileType = sourcecode.c.h; path = CSensorEcho.h; sourceTree = "<group>"; };
		4D81A5A62185287300FC1012 /* CSensorEcho.cpp */ = {isa = PBXFileReference; fileEncoding = 4; lastKnownFileType = sourcecode.cpp.cpp; path = CSensorEcho.cpp; sourceTree = "<group>"; };
		4D81A5A72185287300FC1012 /* CComponentHandler.h */ = {isa = PBXFileReference; fileEncoding = 4; lastKnownFileType = sourcecode.c.h; path = CComponentHandler.h; sourceTree = "<group>"; };
		4D81A5A82185287300FC1012 /* IComponent.h */ = {isa = PBXFileReference; fileEncoding = 4; lastKnownFileType = sourcecode.c.h; path = IComponent.h; sourceTree = "<group>"; };
		4D81A5A92185287300FC1012 /* CComposite.h */ = {isa = PBXFileReference; fileEncoding = 4; lastKnownFileType = sourcecode.c.h; path = CComposite.h; sourceTree = "<group>"; };
		4D81A5AA2185287300FC1012 /* IGPIO.h */ = {isa = PBXFileReference; fileEncoding = 4; lastKnownFileType = sourcecode.c.h; path = IGPIO.h; sourceTree = "<group>"; };
		4D81A5B821852D1600FC1012 /* CStatePause.h */ = {isa = PBXFileReference; fileEncoding = 4; lastKnownFileType = sourcecode.c.h; path = CStatePause.h; sourceTree = "<group>"; };
		4D81A5B921852D1600FC1012 /* CSystem.h */ = {isa = PBXFileReference; fileEncoding = 4; lastKnownFileType = sourcecode.c.h; path = CSystem.h; sourceTree = "<group>"; };
		4D81A5BA21852D1600FC1012 /* CStateManager.cpp */ = {isa = PBXFileReference; fileEncoding = 4; lastKnownFileType = sourcecode.cpp.cpp; path = CStateManager.cpp; sourceTree = "<group>"; };
		4D81A5BB21852D1600FC1012 /* IState.h */ = {isa = PBXFileReference; fileEncoding = 4; lastKnownFileType = sourcecode.c.h; path = IState.h; sourceTree = "<group>"; };
		4D81A5BC21852D1600FC1012 /* CStateManager.h */ = {isa = PBXFileReference; fileEncoding = 4; lastKnownFileType = sourcecode.c.h; path = CStateManager.h; sourceTree = "<group>"; };
		4D81A5BD21852D1600FC1012 /* CStatePause.cpp */ = {isa = PBXFileReference; fileEncoding = 4; lastKnownFileType = sourcecode.cpp.cpp; path = CStatePause.cpp; sourceTree = "<group>"; };
		4D81A5BE21852D1600FC1012 /* CStateMove.cpp */ = {isa = PBXFileReference; fileEncoding = 4; lastKnownFileType = sourcecode.cpp.cpp; path = CStateMove.cpp; sourceTree = "<group>"; };
		4D81A5BF21852D1600FC1012 /* CSystem.cpp */ = {isa = PBXFileReference; fileEncoding = 4; lastKnownFileType = sourcecode.cpp.cpp; path = CSystem.cpp; sourceTree = "<group>"; };
		4D81A5C021852D1600FC1012 /* CStateMove.h */ = {isa = PBXFileReference; fileEncoding = 4; lastKnownFileType = sourcecode.c.h; path = CStateMove.h; sourceTree = "<group>"; };
/* End PBXFileReference section */

/* Begin PBXFrameworksBuildPhase section */
		4D81A5962185269700FC1012 /* Frameworks */ = {
			isa = PBXFrameworksBuildPhase;
			buildActionMask = 2147483647;
			files = (
			);
			runOnlyForDeploymentPostprocessing = 0;
		};
/* End PBXFrameworksBuildPhase section */

/* Begin PBXGroup section */
		4D81A5902185269700FC1012 = {
			isa = PBXGroup;
			children = (
				4D81A59B2185269700FC1012 /* src */,
				4D81A59A2185269700FC1012 /* Products */,
			);
			sourceTree = "<group>";
		};
		4D81A59A2185269700FC1012 /* Products */ = {
			isa = PBXGroup;
			children = (
				4D81A5992185269700FC1012 /* Rasperrito */,
			);
			name = Products;
			sourceTree = "<group>";
		};
		4D81A59B2185269700FC1012 /* src */ = {
			isa = PBXGroup;
			children = (
				4D81A5B721852D1600FC1012 /* system */,
				4D81A5A72185287300FC1012 /* CComponentHandler.h */,
				4D81A5A92185287300FC1012 /* CComposite.h */,
				4D81A5A42185287300FC1012 /* CGPIO.cpp */,
				4D81A5A32185287300FC1012 /* CGPIO.h */,
				4D81A5A62185287300FC1012 /* CSensorEcho.cpp */,
				4D81A5A52185287300FC1012 /* CSensorEcho.h */,
				4D81A5A82185287300FC1012 /* IComponent.h */,
				4D81A5AA2185287300FC1012 /* IGPIO.h */,
				4D81A59C2185269700FC1012 /* main.cpp */,
			);
			path = src;
			sourceTree = "<group>";
		};
		4D81A5B721852D1600FC1012 /* system */ = {
			isa = PBXGroup;
			children = (
				4D81A5B821852D1600FC1012 /* CStatePause.h */,
				4D81A5B921852D1600FC1012 /* CSystem.h */,
				4D81A5BA21852D1600FC1012 /* CStateManager.cpp */,
				4D81A5BB21852D1600FC1012 /* IState.h */,
				4D81A5BC21852D1600FC1012 /* CStateManager.h */,
				4D81A5BD21852D1600FC1012 /* CStatePause.cpp */,
				4D81A5BE21852D1600FC1012 /* CStateMove.cpp */,
				4D81A5BF21852D1600FC1012 /* CSystem.cpp */,
				4D81A5C021852D1600FC1012 /* CStateMove.h */,
			);
			path = system;
			sourceTree = "<group>";
		};
/* End PBXGroup section */

/* Begin PBXNativeTarget section */
		4D81A5982185269700FC1012 /* Rasperrito */ = {
			isa = PBXNativeTarget;
			buildConfigurationList = 4D81A5A02185269700FC1012 /* Build configuration list for PBXNativeTarget "Rasperrito" */;
			buildPhases = (
				4D81A5952185269700FC1012 /* Sources */,
				4D81A5962185269700FC1012 /* Frameworks */,
				4D81A5972185269700FC1012 /* CopyFiles */,
			);
			buildRules = (
			);
			dependencies = (
			);
			name = Rasperrito;
			productName = Rasperrito;
			productReference = 4D81A5992185269700FC1012 /* Rasperrito */;
			productType = "com.apple.product-type.tool";
		};
/* End PBXNativeTarget section */

/* Begin PBXProject section */
		4D81A5912185269700FC1012 /* Project object */ = {
			isa = PBXProject;
			attributes = {
				LastUpgradeCheck = 1000;
				ORGANIZATIONNAME = LoRa;
				TargetAttributes = {
					4D81A5982185269700FC1012 = {
						CreatedOnToolsVersion = 10.0;
					};
				};
			};
			buildConfigurationList = 4D81A5942185269700FC1012 /* Build configuration list for PBXProject "Rasperrito" */;
			compatibilityVersion = "Xcode 9.3";
			developmentRegion = en;
			hasScannedForEncodings = 0;
			knownRegions = (
				en,
			);
			mainGroup = 4D81A5902185269700FC1012;
			productRefGroup = 4D81A59A2185269700FC1012 /* Products */;
			projectDirPath = "";
			projectRoot = "";
			targets = (
				4D81A5982185269700FC1012 /* Rasperrito */,
			);
		};
/* End PBXProject section */

/* Begin PBXSourcesBuildPhase section */
		4D81A5952185269700FC1012 /* Sources */ = {
			isa = PBXSourcesBuildPhase;
			buildActionMask = 2147483647;
			files = (
				4D81A5C321852D1700FC1012 /* CStateMove.cpp in Sources */,
				4D81A5AB2185287300FC1012 /* CGPIO.cpp in Sources */,
				4D81A5C121852D1700FC1012 /* CStateManager.cpp in Sources */,
				4D81A5C421852D1700FC1012 /* CSystem.cpp in Sources */,
				4D81A5C221852D1700FC1012 /* CStatePause.cpp in Sources */,
				4D81A5AC2185287300FC1012 /* CSensorEcho.cpp in Sources */,
				4D81A59D2185269700FC1012 /* main.cpp in Sources */,
			);
			runOnlyForDeploymentPostprocessing = 0;
		};
/* End PBXSourcesBuildPhase section */

/* Begin XCBuildConfiguration section */
		4D81A59E2185269700FC1012 /* Debug */ = {
			isa = XCBuildConfiguration;
			buildSettings = {
				ALWAYS_SEARCH_USER_PATHS = NO;
				CLANG_ANALYZER_NONNULL = YES;
				CLANG_ANALYZER_NUMBER_OBJECT_CONVERSION = YES_AGGRESSIVE;
				CLANG_CXX_LANGUAGE_STANDARD = "gnu++14";
				CLANG_CXX_LIBRARY = "libc++";
				CLANG_ENABLE_MODULES = YES;
				CLANG_ENABLE_OBJC_ARC = YES;
				CLANG_ENABLE_OBJC_WEAK = YES;
				CLANG_WARN_BLOCK_CAPTURE_AUTORELEASING = YES;
				CLANG_WARN_BOOL_CONVERSION = YES;
				CLANG_WARN_COMMA = YES;
				CLANG_WARN_CONSTANT_CONVERSION = YES;
				CLANG_WARN_DEPRECATED_OBJC_IMPLEMENTATIONS = YES;
				CLANG_WARN_DIRECT_OBJC_ISA_USAGE = YES_ERROR;
				CLANG_WARN_DOCUMENTATION_COMMENTS = YES;
				CLANG_WARN_EMPTY_BODY = YES;
				CLANG_WARN_ENUM_CONVERSION = YES;
				CLANG_WARN_INFINITE_RECURSION = YES;
				CLANG_WARN_INT_CONVERSION = YES;
				CLANG_WARN_NON_LITERAL_NULL_CONVERSION = YES;
				CLANG_WARN_OBJC_IMPLICIT_RETAIN_SELF = YES;
				CLANG_WARN_OBJC_LITERAL_CONVERSION = YES;
				CLANG_WARN_OBJC_ROOT_CLASS = YES_ERROR;
				CLANG_WARN_RANGE_LOOP_ANALYSIS = YES;
				CLANG_WARN_STRICT_PROTOTYPES = YES;
				CLANG_WARN_SUSPICIOUS_MOVE = YES;
				CLANG_WARN_UNGUARDED_AVAILABILITY = YES_AGGRESSIVE;
				CLANG_WARN_UNREACHABLE_CODE = YES;
				CLANG_WARN__DUPLICATE_METHOD_MATCH = YES;
				CODE_SIGN_IDENTITY = "Mac Developer";
				COPY_PHASE_STRIP = NO;
				DEBUG_INFORMATION_FORMAT = dwarf;
				ENABLE_STRICT_OBJC_MSGSEND = YES;
				ENABLE_TESTABILITY = YES;
				GCC_C_LANGUAGE_STANDARD = gnu11;
				GCC_DYNAMIC_NO_PIC = NO;
				GCC_NO_COMMON_BLOCKS = YES;
				GCC_OPTIMIZATION_LEVEL = 0;
				GCC_PREPROCESSOR_DEFINITIONS = (
					"DEBUG=1",
					"$(inherited)",
				);
				GCC_WARN_64_TO_32_BIT_CONVERSION = YES;
				GCC_WARN_ABOUT_RETURN_TYPE = YES_ERROR;
				GCC_WARN_UNDECLARED_SELECTOR = YES;
				GCC_WARN_UNINITIALIZED_AUTOS = YES_AGGRESSIVE;
				GCC_WARN_UNUSED_FUNCTION = YES;
				GCC_WARN_UNUSED_VARIABLE = YES;
				MACOSX_DEPLOYMENT_TARGET = 10.14;
				MTL_ENABLE_DEBUG_INFO = INCLUDE_SOURCE;
				MTL_FAST_MATH = YES;
				ONLY_ACTIVE_ARCH = YES;
				SDKROOT = macosx;
			};
			name = Debug;
		};
		4D81A59F2185269700FC1012 /* Release */ = {
			isa = XCBuildConfiguration;
			buildSettings = {
				ALWAYS_SEARCH_USER_PATHS = NO;
				CLANG_ANALYZER_NONNULL = YES;
				CLANG_ANALYZER_NUMBER_OBJECT_CONVERSION = YES_AGGRESSIVE;
				CLANG_CXX_LANGUAGE_STANDARD = "gnu++14";
				CLANG_CXX_LIBRARY = "libc++";
				CLANG_ENABLE_MODULES = YES;
				CLANG_ENABLE_OBJC_ARC = YES;
				CLANG_ENABLE_OBJC_WEAK = YES;
				CLANG_WARN_BLOCK_CAPTURE_AUTORELEASING = YES;
				CLANG_WARN_BOOL_CONVERSION = YES;
				CLANG_WARN_COMMA = YES;
				CLANG_WARN_CONSTANT_CONVERSION = YES;
				CLANG_WARN_DEPRECATED_OBJC_IMPLEMENTATIONS = YES;
				CLANG_WARN_DIRECT_OBJC_ISA_USAGE = YES_ERROR;
				CLANG_WARN_DOCUMENTATION_COMMENTS = YES;
				CLANG_WARN_EMPTY_BODY = YES;
				CLANG_WARN_ENUM_CONVERSION = YES;
				CLANG_WARN_INFINITE_RECURSION = YES;
				CLANG_WARN_INT_CONVERSION = YES;
				CLANG_WARN_NON_LITERAL_NULL_CONVERSION = YES;
				CLANG_WARN_OBJC_IMPLICIT_RETAIN_SELF = YES;
				CLANG_WARN_OBJC_LITERAL_CONVERSION = YES;
				CLANG_WARN_OBJC_ROOT_CLASS = YES_ERROR;
				CLANG_WARN_RANGE_LOOP_ANALYSIS = YES;
				CLANG_WARN_STRICT_PROTOTYPES = YES;
				CLANG_WARN_SUSPICIOUS_MOVE = YES;
				CLANG_WARN_UNGUARDED_AVAILABILITY = YES_AGGRESSIVE;
				CLANG_WARN_UNREACHABLE_CODE = YES;
				CLANG_WARN__DUPLICATE_METHOD_MATCH = YES;
				CODE_SIGN_IDENTITY = "Mac Developer";
				COPY_PHASE_STRIP = NO;
				DEBUG_INFORMATION_FORMAT = "dwarf-with-dsym";
				ENABLE_NS_ASSERTIONS = NO;
				ENABLE_STRICT_OBJC_MSGSEND = YES;
				GCC_C_LANGUAGE_STANDARD = gnu11;
				GCC_NO_COMMON_BLOCKS = YES;
				GCC_WARN_64_TO_32_BIT_CONVERSION = YES;
				GCC_WARN_ABOUT_RETURN_TYPE = YES_ERROR;
				GCC_WARN_UNDECLARED_SELECTOR = YES;
				GCC_WARN_UNINITIALIZED_AUTOS = YES_AGGRESSIVE;
				GCC_WARN_UNUSED_FUNCTION = YES;
				GCC_WARN_UNUSED_VARIABLE = YES;
				MACOSX_DEPLOYMENT_TARGET = 10.14;
				MTL_ENABLE_DEBUG_INFO = NO;
				MTL_FAST_MATH = YES;
				SDKROOT = macosx;
			};
			name = Release;
		};
		4D81A5A12185269700FC1012 /* Debug */ = {
			isa = XCBuildConfiguration;
			buildSettings = {
				CODE_SIGN_STYLE = Automatic;
				DEVELOPMENT_TEAM = EJ9YCEEFVR;
				PRODUCT_NAME = "$(TARGET_NAME)";
			};
			name = Debug;
		};
		4D81A5A22185269700FC1012 /* Release */ = {
			isa = XCBuildConfiguration;
			buildSettings = {
				CODE_SIGN_STYLE = Automatic;
				DEVELOPMENT_TEAM = EJ9YCEEFVR;
				PRODUCT_NAME = "$(TARGET_NAME)";
			};
			name = Release;
		};
/* End XCBuildConfiguration section */

/* Begin XCConfigurationList section */
		4D81A5942185269700FC1012 /* Build configuration list for PBXProject "Rasperrito" */ = {
			isa = XCConfigurationList;
			buildConfigurations = (
				4D81A59E2185269700FC1012 /* Debug */,
				4D81A59F2185269700FC1012 /* Release */,
			);
			defaultConfigurationIsVisible = 0;
			defaultConfigurationName = Release;
		};
		4D81A5A02185269700FC1012 /* Build configuration list for PBXNativeTarget "Rasperrito" */ = {
			isa = XCConfigurationList;
			buildConfigurations = (
				4D81A5A12185269700FC1012 /* Debug */,
				4D81A5A22185269700FC1012 /* Release */,
			);
			defaultConfigurationIsVisible = 0;
			defaultConfigurationName = Release;
		};
/* End XCConfigurationList section */
	};
	rootObject = 4D81A5912185269700FC1012 /* Project object */;
}
